
Microsoft Visual Studio Solution File, Format Version 12.00
# Visual Studio Version 17
VisualStudioVersion = 17.5.33516.290
MinimumVisualStudioVersion = 10.0.40219.1
Project("{9A19103F-16F7-4668-BE54-9A1E7A4F7556}") = "FunGame.Testing", "Library\FunGame.Testing.csproj", "{6F6B4A21-8F39-4B0D-84E8-98AE3E93F06F}"
	ProjectSection(ProjectDependencies) = postProject
		{63333F35-4433-4710-9D83-048B553ADD5F} = {63333F35-4433-4710-9D83-048B553ADD5F}
		{94B564CD-7A1E-4B3C-AF78-23EBCD5D627E} = {94B564CD-7A1E-4B3C-AF78-23EBCD5D627E}
		{D74DF3A2-52E7-4C18-8854-81114558D4B2} = {D74DF3A2-52E7-4C18-8854-81114558D4B2}
		{EFB418D0-EB57-4D71-AF74-205A5A3138E8} = {EFB418D0-EB57-4D71-AF74-205A5A3138E8}
	EndProjectSection
EndProject
Project("{9A19103F-16F7-4668-BE54-9A1E7A4F7556}") = "FunGame.Testing.Desktop", "Desktop\FunGame.Testing.Desktop.csproj", "{05FA61CB-22AA-4834-8C45-1161C42DF2C7}"
	ProjectSection(ProjectDependencies) = postProject
		{94B564CD-7A1E-4B3C-AF78-23EBCD5D627E} = {94B564CD-7A1E-4B3C-AF78-23EBCD5D627E}
	EndProjectSection
EndProject
Project("{9A19103F-16F7-4668-BE54-9A1E7A4F7556}") = "FunGame.Core", "..\FunGame.Core\FunGame.Core.csproj", "{94B564CD-7A1E-4B3C-AF78-23EBCD5D627E}"
EndProject
Project("{9A19103F-16F7-4668-BE54-9A1E7A4F7556}") = "OshimaModules", "..\OshimaGameModule\OshimaModules\OshimaModules.csproj", "{35136317-2FBC-41C1-A3A0-C56B198FA440}"
	ProjectSection(ProjectDependencies) = postProject
		{94B564CD-7A1E-4B3C-AF78-23EBCD5D627E} = {94B564CD-7A1E-4B3C-AF78-23EBCD5D627E}
	EndProjectSection
EndProject
Project("{9A19103F-16F7-4668-BE54-9A1E7A4F7556}") = "OshimaCore", "..\OshimaGameModule\OshimaCore\OshimaCore.csproj", "{A0EDE123-21D0-4886-8960-0802677FBC04}"
	ProjectSection(ProjectDependencies) = postProject
		{94B564CD-7A1E-4B3C-AF78-23EBCD5D627E} = {94B564CD-7A1E-4B3C-AF78-23EBCD5D627E}
	EndProjectSection
EndProject
Project("{9A19103F-16F7-4668-BE54-9A1E7A4F7556}") = "FunGame.Implement", "..\FunGame.Server\FunGame.Implement\FunGame.Implement.csproj", "{EFB418D0-EB57-4D71-AF74-205A5A3138E8}"
	ProjectSection(ProjectDependencies) = postProject
		{94B564CD-7A1E-4B3C-AF78-23EBCD5D627E} = {94B564CD-7A1E-4B3C-AF78-23EBCD5D627E}
	EndProjectSection
EndProject
Project("{9A19103F-16F7-4668-BE54-9A1E7A4F7556}") = "FunGame.Server", "..\FunGame.Server\FunGame.Server\FunGame.Server.csproj", "{63333F35-4433-4710-9D83-048B553ADD5F}"
	ProjectSection(ProjectDependencies) = postProject
		{94B564CD-7A1E-4B3C-AF78-23EBCD5D627E} = {94B564CD-7A1E-4B3C-AF78-23EBCD5D627E}
	EndProjectSection
EndProject
Project("{9A19103F-16F7-4668-BE54-9A1E7A4F7556}") = "FunGame.WebAPI", "..\FunGame.Server\FunGame.WebAPI\FunGame.WebAPI.csproj", "{D74DF3A2-52E7-4C18-8854-81114558D4B2}"
	ProjectSection(ProjectDependencies) = postProject
		{94B564CD-7A1E-4B3C-AF78-23EBCD5D627E} = {94B564CD-7A1E-4B3C-AF78-23EBCD5D627E}
	EndProjectSection
EndProject
Project("{FAE04EC0-301F-11D3-BF4B-00C04F79EFBC}") = "OshimaServers", "..\OshimaGameModule\OshimaServers\OshimaServers.csproj", "{C9FF6C3C-D1FC-496D-90EB-3507E6915092}"
EndProject
Project("{FAE04EC0-301F-11D3-BF4B-00C04F79EFBC}") = "OshimaMaps", "..\OshimaGameModule\OshimaMaps\OshimaMaps.csproj", "{CDA0BCC1-0097-4D52-9895-A706D0523FBF}"
EndProject
Project("{FAE04EC0-301F-11D3-BF4B-00C04F79EFBC}") = "OshimaWebAPI", "..\OshimaGameModule\OshimaWebAPI\OshimaWebAPI.csproj", "{F82AF14E-9E06-442B-9407-86398B314DA9}"
EndProject
Project("{FAE04EC0-301F-11D3-BF4B-00C04F79EFBC}") = "FunGame.SQLQueryExtension", "..\FunGame.Extension\FunGame.SQLQueryExtension\FunGame.SQLQueryExtension.csproj", "{7A12BCE6-FDF3-4718-A992-0B60B5C6E05E}"
EndProject
Global
	GlobalSection(SolutionConfigurationPlatforms) = preSolution
		Debug|Any CPU = Debug|Any CPU
		Release|Any CPU = Release|Any CPU
	EndGlobalSection
	GlobalSection(ProjectConfigurationPlatforms) = postSolution
		{6F6B4A21-8F39-4B0D-84E8-98AE3E93F06F}.Debug|Any CPU.ActiveCfg = Debug|Any CPU
		{6F6B4A21-8F39-4B0D-84E8-98AE3E93F06F}.Debug|Any CPU.Build.0 = Debug|Any CPU
		{6F6B4A21-8F39-4B0D-84E8-98AE3E93F06F}.Release|Any CPU.ActiveCfg = Release|Any CPU
		{6F6B4A21-8F39-4B0D-84E8-98AE3E93F06F}.Release|Any CPU.Build.0 = Release|Any CPU
		{05FA61CB-22AA-4834-8C45-1161C42DF2C7}.Debug|Any CPU.ActiveCfg = Debug|Any CPU
		{05FA61CB-22AA-4834-8C45-1161C42DF2C7}.Debug|Any CPU.Build.0 = Debug|Any CPU
		{05FA61CB-22AA-4834-8C45-1161C42DF2C7}.Release|Any CPU.ActiveCfg = Release|Any CPU
		{05FA61CB-22AA-4834-8C45-1161C42DF2C7}.Release|Any CPU.Build.0 = Release|Any CPU
		{94B564CD-7A1E-4B3C-AF78-23EBCD5D627E}.Debug|Any CPU.ActiveCfg = Debug|Any CPU
		{94B564CD-7A1E-4B3C-AF78-23EBCD5D627E}.Debug|Any CPU.Build.0 = Debug|Any CPU
		{94B564CD-7A1E-4B3C-AF78-23EBCD5D627E}.Release|Any CPU.ActiveCfg = Release|Any CPU
		{94B564CD-7A1E-4B3C-AF78-23EBCD5D627E}.Release|Any CPU.Build.0 = Release|Any CPU
		{35136317-2FBC-41C1-A3A0-C56B198FA440}.Debug|Any CPU.ActiveCfg = Debug|Any CPU
		{35136317-2FBC-41C1-A3A0-C56B198FA440}.Debug|Any CPU.Build.0 = Debug|Any CPU
		{35136317-2FBC-41C1-A3A0-C56B198FA440}.Release|Any CPU.ActiveCfg = Release|Any CPU
		{35136317-2FBC-41C1-A3A0-C56B198FA440}.Release|Any CPU.Build.0 = Release|Any CPU
		{A0EDE123-21D0-4886-8960-0802677FBC04}.Debug|Any CPU.ActiveCfg = Debug|Any CPU
		{A0EDE123-21D0-4886-8960-0802677FBC04}.Debug|Any CPU.Build.0 = Debug|Any CPU
		{A0EDE123-21D0-4886-8960-0802677FBC04}.Release|Any CPU.ActiveCfg = Release|Any CPU
		{A0EDE123-21D0-4886-8960-0802677FBC04}.Release|Any CPU.Build.0 = Release|Any CPU
		{EFB418D0-EB57-4D71-AF74-205A5A3138E8}.Debug|Any CPU.ActiveCfg = Debug|Any CPU
		{EFB418D0-EB57-4D71-AF74-205A5A3138E8}.Debug|Any CPU.Build.0 = Debug|Any CPU
		{EFB418D0-EB57-4D71-AF74-205A5A3138E8}.Release|Any CPU.ActiveCfg = Release|Any CPU
		{EFB418D0-EB57-4D71-AF74-205A5A3138E8}.Release|Any CPU.Build.0 = Release|Any CPU
		{63333F35-4433-4710-9D83-048B553ADD5F}.Debug|Any CPU.ActiveCfg = Debug|Any CPU
		{63333F35-4433-4710-9D83-048B553ADD5F}.Debug|Any CPU.Build.0 = Debug|Any CPU
		{63333F35-4433-4710-9D83-048B553ADD5F}.Release|Any CPU.ActiveCfg = Release|Any CPU
		{63333F35-4433-4710-9D83-048B553ADD5F}.Release|Any CPU.Build.0 = Release|Any CPU
		{D74DF3A2-52E7-4C18-8854-81114558D4B2}.Debug|Any CPU.ActiveCfg = Debug|Any CPU
		{D74DF3A2-52E7-4C18-8854-81114558D4B2}.Debug|Any CPU.Build.0 = Debug|Any CPU
		{D74DF3A2-52E7-4C18-8854-81114558D4B2}.Release|Any CPU.ActiveCfg = Release|Any CPU
		{D74DF3A2-52E7-4C18-8854-81114558D4B2}.Release|Any CPU.Build.0 = Release|Any CPU
		{C9FF6C3C-D1FC-496D-90EB-3507E6915092}.Debug|Any CPU.ActiveCfg = Debug|Any CPU
		{C9FF6C3C-D1FC-496D-90EB-3507E6915092}.Debug|Any CPU.Build.0 = Debug|Any CPU
		{C9FF6C3C-D1FC-496D-90EB-3507E6915092}.Release|Any CPU.ActiveCfg = Release|Any CPU
		{C9FF6C3C-D1FC-496D-90EB-3507E6915092}.Release|Any CPU.Build.0 = Release|Any CPU
		{CDA0BCC1-0097-4D52-9895-A706D0523FBF}.Debug|Any CPU.ActiveCfg = Debug|Any CPU
		{CDA0BCC1-0097-4D52-9895-A706D0523FBF}.Debug|Any CPU.Build.0 = Debug|Any CPU
		{CDA0BCC1-0097-4D52-9895-A706D0523FBF}.Release|Any CPU.ActiveCfg = Release|Any CPU
		{CDA0BCC1-0097-4D52-9895-A706D0523FBF}.Release|Any CPU.Build.0 = Release|Any CPU
		{F82AF14E-9E06-442B-9407-86398B314DA9}.Debug|Any CPU.ActiveCfg = Debug|Any CPU
		{F82AF14E-9E06-442B-9407-86398B314DA9}.Debug|Any CPU.Build.0 = Debug|Any CPU
		{F82AF14E-9E06-442B-9407-86398B314DA9}.Release|Any CPU.ActiveCfg = Release|Any CPU
		{F82AF14E-9E06-442B-9407-86398B314DA9}.Release|Any CPU.Build.0 = Release|Any CPU
		{7A12BCE6-FDF3-4718-A992-0B60B5C6E05E}.Debug|Any CPU.ActiveCfg = Debug|Any CPU
		{7A12BCE6-FDF3-4718-A992-0B60B5C6E05E}.Debug|Any CPU.Build.0 = Debug|Any CPU
		{7A12BCE6-FDF3-4718-A992-0B60B5C6E05E}.Release|Any CPU.ActiveCfg = Release|Any CPU
		{7A12BCE6-FDF3-4718-A992-0B60B5C6E05E}.Release|Any CPU.Build.0 = Release|Any CPU
	EndGlobalSection
	GlobalSection(SolutionProperties) = preSolution
		HideSolutionNode = FALSE
	EndGlobalSection
	GlobalSection(ExtensibilityGlobals) = postSolution
		SolutionGuid = {BC95D91C-1F6B-4E3A-9DC6-49EDFB018CDE}
	EndGlobalSection
EndGlobal
